
Microsoft Visual Studio Solution File, Format Version 12.00
# Visual Studio Version 16
VisualStudioVersion = 16.0.33927.289
MinimumVisualStudioVersion = 10.0.40219.1
Project("{2150E333-8FDC-42A3-9474-1A3956D46DE8}") = "Task0", "Task0", "{7332170B-30A7-4A16-978A-13379DA026D7}"
EndProject
Project("{FAE04EC0-301F-11D3-BF4B-00C04F79EFBC}") = "Tyuiu.DubrovinSN.Sprint0.Task0.V0", "Tyuiu.DubrovinSN.Sprint0.Task0.V0\Tyuiu.DubrovinSN.Sprint0.Task0.V0.csproj", "{FFD37686-3586-42AC-BC33-4B577F691E2F}"
EndProject
Project("{2150E333-8FDC-42A3-9474-1A3956D46DE8}") = "Task1", "Task1", "{B66CCEB9-A324-49D4-B5C2-A857DC600BD1}"
EndProject
Project("{FAE04EC0-301F-11D3-BF4B-00C04F79EFBC}") = "Tyuiu.DubrovinSN.Sprint0.Task1.V0", "Tyuiu.DubrovinSN.Sprint0.Task1.V0\Tyuiu.DubrovinSN.Sprint0.Task1.V0.csproj", "{EF9D91BC-5BE0-4BB6-98AD-151614D4D247}"
EndProject
Project("{2150E333-8FDC-42A3-9474-1A3956D46DE8}") = "Task2", "Task2", "{8D4C72D2-9E51-4227-9DF4-1B69AA062F04}"
EndProject
Project("{FAE04EC0-301F-11D3-BF4B-00C04F79EFBC}") = "Tyuiu.DubrovinSN.Sprint0.Task2.V0", "Tyuiu.DubrovinSN.Sprint0.Task2.V0\Tyuiu.DubrovinSN.Sprint0.Task2.V0.csproj", "{12468081-BA84-43A4-B551-7927AF1DA77D}"
EndProject
Project("{FAE04EC0-301F-11D3-BF4B-00C04F79EFBC}") = "Tyuiu.DubrovinSN.Sprint0.Task2.V0.Lib", "Tyuiu.DubrovinSN.Sprint0.Task2.V0.Lib\Tyuiu.DubrovinSN.Sprint0.Task2.V0.Lib.csproj", "{6BCD5D36-5005-4F6D-B977-1301CFD164C3}"
EndProject
Project("{FAE04EC0-301F-11D3-BF4B-00C04F79EFBC}") = "Tyuiu.DubrovinSN.Sprint0.Task2.V0.Test", "Tyuiu.DubrovinSN.Sprint0.Task2.V0.Test\Tyuiu.DubrovinSN.Sprint0.Task2.V0.Test.csproj", "{EEBE4888-813A-434C-B05E-F73540C22B25}"
EndProject
Project("{2150E333-8FDC-42A3-9474-1A3956D46DE8}") = "Task3", "Task3", "{D3B73E05-8310-4AAA-94D5-8043CE21B00D}"
EndProject
Project("{FAE04EC0-301F-11D3-BF4B-00C04F79EFBC}") = "Tyuiu.DubrovinSN.Sprint0.Task3.V0", "Tyuiu.DubrovinSN.Sprint0.Task3.V0\Tyuiu.DubrovinSN.Sprint0.Task3.V0.csproj", "{97BD1220-8CF9-4103-B15C-4F8FD7ADCF65}"
EndProject
Project("{FAE04EC0-301F-11D3-BF4B-00C04F79EFBC}") = "Tyuiu.DubrovinSN.Sprint0.Task3.V0.Lib", "Tyuiu.DubrovinSN.Sprint0.Task3.V0.Lib\Tyuiu.DubrovinSN.Sprint0.Task3.V0.Lib.csproj", "{FBC1B0F0-76C6-404C-A373-A976C4CA194B}"
EndProject
Project("{FAE04EC0-301F-11D3-BF4B-00C04F79EFBC}") = "Tyuiu.DubrovinSN.Sprint0.Task3.V0.Test", "Tyuiu.DubrovinSN.Sprint0.Task3.V0.Test\Tyuiu.DubrovinSN.Sprint0.Task3.V0.Test.csproj", "{20175812-3300-4CF0-9D9C-042FCBE033AE}"
EndProject
Project("{2150E333-8FDC-42A3-9474-1A3956D46DE8}") = "Task4", "Task4", "{35414428-365D-43DA-B747-5C0D404BF146}"
EndProject
Project("{FAE04EC0-301F-11D3-BF4B-00C04F79EFBC}") = "Tyuiu.DubrovinSN.Sprint0.Task4.V0", "Tyuiu.DubrovinSN.Sprint0.Task4.V0\Tyuiu.DubrovinSN.Sprint0.Task4.V0.csproj", "{95F65D4E-E86A-4FBA-8988-74BB1B95BEA8}"
EndProject
Project("{FAE04EC0-301F-11D3-BF4B-00C04F79EFBC}") = "Tyuiu.DubrovinSN.Sprint0.Task4.V0.Lib", "Tyuiu.DubrovinSN.Sprint0.Task4.V0.Lib\Tyuiu.DubrovinSN.Sprint0.Task4.V0.Lib.csproj", "{6B3EE249-DC59-4DC6-9941-E0938B888DE8}"
EndProject
Project("{FAE04EC0-301F-11D3-BF4B-00C04F79EFBC}") = "Tyuiu.DubrovinSN.Sprint0.Task4.V0.Test", "Tyuiu.DubrovinSN.Sprint0.Task4.V0.Test\Tyuiu.DubrovinSN.Sprint0.Task4.V0.Test.csproj", "{3DD89F4C-D283-4DB3-A9B6-A0350489F0F6}"
EndProject
Project("{2150E333-8FDC-42A3-9474-1A3956D46DE8}") = "Task5", "Task5", "{6CC6C93B-A850-4F93-BE0A-5585FB6E0F3E}"
EndProject
Project("{FAE04EC0-301F-11D3-BF4B-00C04F79EFBC}") = "Tyuiu.DubrovinSN.Sprint0.Task5.V0", "Tyuiu.DubrovinSN.Sprint0.Task5.V0\Tyuiu.DubrovinSN.Sprint0.Task5.V0.csproj", "{E2599F03-787E-4183-8F11-B4185EDB98B7}"
EndProject
Project("{FAE04EC0-301F-11D3-BF4B-00C04F79EFBC}") = "Tyuiu.DubrovinSN.Sprint0.Task5.V0.Lib", "Tyuiu.DubrovinSN.Sprint0.Task5.V0.Lib\Tyuiu.DubrovinSN.Sprint0.Task5.V0.Lib.csproj", "{DAF0530F-FE99-4337-B4E7-248A00540343}"
EndProject
Project("{FAE04EC0-301F-11D3-BF4B-00C04F79EFBC}") = "Tyuiu.DubrovinSN.Sprint0.Task5.V0.Test", "Tyuiu.DubrovinSN.Sprint0.Task5.V0.Test\Tyuiu.DubrovinSN.Sprint0.Task5.V0.Test.csproj", "{A98587AC-F4D7-486A-8787-14A9DE8AF9E5}"
EndProject
Global
	GlobalSection(SolutionConfigurationPlatforms) = preSolution
		Debug|Any CPU = Debug|Any CPU
		Release|Any CPU = Release|Any CPU
	EndGlobalSection
	GlobalSection(ProjectConfigurationPlatforms) = postSolution
		{FFD37686-3586-42AC-BC33-4B577F691E2F}.Debug|Any CPU.ActiveCfg = Debug|Any CPU
		{FFD37686-3586-42AC-BC33-4B577F691E2F}.Debug|Any CPU.Build.0 = Debug|Any CPU
		{FFD37686-3586-42AC-BC33-4B577F691E2F}.Release|Any CPU.ActiveCfg = Release|Any CPU
		{FFD37686-3586-42AC-BC33-4B577F691E2F}.Release|Any CPU.Build.0 = Release|Any CPU
		{EF9D91BC-5BE0-4BB6-98AD-151614D4D247}.Debug|Any CPU.ActiveCfg = Debug|Any CPU
		{EF9D91BC-5BE0-4BB6-98AD-151614D4D247}.Debug|Any CPU.Build.0 = Debug|Any CPU
		{EF9D91BC-5BE0-4BB6-98AD-151614D4D247}.Release|Any CPU.ActiveCfg = Release|Any CPU
		{EF9D91BC-5BE0-4BB6-98AD-151614D4D247}.Release|Any CPU.Build.0 = Release|Any CPU
		{12468081-BA84-43A4-B551-7927AF1DA77D}.Debug|Any CPU.ActiveCfg = Debug|Any CPU
		{12468081-BA84-43A4-B551-7927AF1DA77D}.Debug|Any CPU.Build.0 = Debug|Any CPU
		{12468081-BA84-43A4-B551-7927AF1DA77D}.Release|Any CPU.ActiveCfg = Release|Any CPU
		{12468081-BA84-43A4-B551-7927AF1DA77D}.Release|Any CPU.Build.0 = Release|Any CPU
		{6BCD5D36-5005-4F6D-B977-1301CFD164C3}.Debug|Any CPU.ActiveCfg = Debug|Any CPU
		{6BCD5D36-5005-4F6D-B977-1301CFD164C3}.Debug|Any CPU.Build.0 = Debug|Any CPU
		{6BCD5D36-5005-4F6D-B977-1301CFD164C3}.Release|Any CPU.ActiveCfg = Release|Any CPU
		{6BCD5D36-5005-4F6D-B977-1301CFD164C3}.Release|Any CPU.Build.0 = Release|Any CPU
		{EEBE4888-813A-434C-B05E-F73540C22B25}.Debug|Any CPU.ActiveCfg = Debug|Any CPU
		{EEBE4888-813A-434C-B05E-F73540C22B25}.Debug|Any CPU.Build.0 = Debug|Any CPU
		{EEBE4888-813A-434C-B05E-F73540C22B25}.Release|Any CPU.ActiveCfg = Release|Any CPU
		{EEBE4888-813A-434C-B05E-F73540C22B25}.Release|Any CPU.Build.0 = Release|Any CPU
		{97BD1220-8CF9-4103-B15C-4F8FD7ADCF65}.Debug|Any CPU.ActiveCfg = Debug|Any CPU
		{97BD1220-8CF9-4103-B15C-4F8FD7ADCF65}.Debug|Any CPU.Build.0 = Debug|Any CPU
		{97BD1220-8CF9-4103-B15C-4F8FD7ADCF65}.Release|Any CPU.ActiveCfg = Release|Any CPU
		{97BD1220-8CF9-4103-B15C-4F8FD7ADCF65}.Release|Any CPU.Build.0 = Release|Any CPU
		{FBC1B0F0-76C6-404C-A373-A976C4CA194B}.Debug|Any CPU.ActiveCfg = Debug|Any CPU
		{FBC1B0F0-76C6-404C-A373-A976C4CA194B}.Debug|Any CPU.Build.0 = Debug|Any CPU
		{FBC1B0F0-76C6-404C-A373-A976C4CA194B}.Release|Any CPU.ActiveCfg = Release|Any CPU
		{FBC1B0F0-76C6-404C-A373-A976C4CA194B}.Release|Any CPU.Build.0 = Release|Any CPU
		{20175812-3300-4CF0-9D9C-042FCBE033AE}.Debug|Any CPU.ActiveCfg = Debug|Any CPU
		{20175812-3300-4CF0-9D9C-042FCBE033AE}.Debug|Any CPU.Build.0 = Debug|Any CPU
		{20175812-3300-4CF0-9D9C-042FCBE033AE}.Release|Any CPU.ActiveCfg = Release|Any CPU
		{20175812-3300-4CF0-9D9C-042FCBE033AE}.Release|Any CPU.Build.0 = Release|Any CPU
		{95F65D4E-E86A-4FBA-8988-74BB1B95BEA8}.Debug|Any CPU.ActiveCfg = Debug|Any CPU
		{95F65D4E-E86A-4FBA-8988-74BB1B95BEA8}.Debug|Any CPU.Build.0 = Debug|Any CPU
		{95F65D4E-E86A-4FBA-8988-74BB1B95BEA8}.Release|Any CPU.ActiveCfg = Release|Any CPU
		{95F65D4E-E86A-4FBA-8988-74BB1B95BEA8}.Release|Any CPU.Build.0 = Release|Any CPU
		{6B3EE249-DC59-4DC6-9941-E0938B888DE8}.Debug|Any CPU.ActiveCfg = Debug|Any CPU
		{6B3EE249-DC59-4DC6-9941-E0938B888DE8}.Debug|Any CPU.Build.0 = Debug|Any CPU
		{6B3EE249-DC59-4DC6-9941-E0938B888DE8}.Release|Any CPU.ActiveCfg = Release|Any CPU
		{6B3EE249-DC59-4DC6-9941-E0938B888DE8}.Release|Any CPU.Build.0 = Release|Any CPU
		{3DD89F4C-D283-4DB3-A9B6-A0350489F0F6}.Debug|Any CPU.ActiveCfg = Debug|Any CPU
		{3DD89F4C-D283-4DB3-A9B6-A0350489F0F6}.Debug|Any CPU.Build.0 = Debug|Any CPU
		{3DD89F4C-D283-4DB3-A9B6-A0350489F0F6}.Release|Any CPU.ActiveCfg = Release|Any CPU
		{3DD89F4C-D283-4DB3-A9B6-A0350489F0F6}.Release|Any CPU.Build.0 = Release|Any CPU
		{E2599F03-787E-4183-8F11-B4185EDB98B7}.Debug|Any CPU.ActiveCfg = Debug|Any CPU
		{E2599F03-787E-4183-8F11-B4185EDB98B7}.Debug|Any CPU.Build.0 = Debug|Any CPU
		{E2599F03-787E-4183-8F11-B4185EDB98B7}.Release|Any CPU.ActiveCfg = Release|Any CPU
		{E2599F03-787E-4183-8F11-B4185EDB98B7}.Release|Any CPU.Build.0 = Release|Any CPU
		{DAF0530F-FE99-4337-B4E7-248A00540343}.Debug|Any CPU.ActiveCfg = Debug|Any CPU
		{DAF0530F-FE99-4337-B4E7-248A00540343}.Debug|Any CPU.Build.0 = Debug|Any CPU
		{DAF0530F-FE99-4337-B4E7-248A00540343}.Release|Any CPU.ActiveCfg = Release|Any CPU
		{DAF0530F-FE99-4337-B4E7-248A00540343}.Release|Any CPU.Build.0 = Release|Any CPU
		{A98587AC-F4D7-486A-8787-14A9DE8AF9E5}.Debug|Any CPU.ActiveCfg = Debug|Any CPU
		{A98587AC-F4D7-486A-8787-14A9DE8AF9E5}.Debug|Any CPU.Build.0 = Debug|Any CPU
		{A98587AC-F4D7-486A-8787-14A9DE8AF9E5}.Release|Any CPU.ActiveCfg = Release|Any CPU
		{A98587AC-F4D7-486A-8787-14A9DE8AF9E5}.Release|Any CPU.Build.0 = Release|Any CPU
	EndGlobalSection
	GlobalSection(SolutionProperties) = preSolution
		HideSolutionNode = FALSE
	EndGlobalSection
	GlobalSection(NestedProjects) = preSolution
		{FFD37686-3586-42AC-BC33-4B577F691E2F} = {7332170B-30A7-4A16-978A-13379DA026D7}
		{EF9D91BC-5BE0-4BB6-98AD-151614D4D247} = {B66CCEB9-A324-49D4-B5C2-A857DC600BD1}
		{12468081-BA84-43A4-B551-7927AF1DA77D} = {8D4C72D2-9E51-4227-9DF4-1B69AA062F04}
		{6BCD5D36-5005-4F6D-B977-1301CFD164C3} = {8D4C72D2-9E51-4227-9DF4-1B69AA062F04}
		{EEBE4888-813A-434C-B05E-F73540C22B25} = {8D4C72D2-9E51-4227-9DF4-1B69AA062F04}
		{97BD1220-8CF9-4103-B15C-4F8FD7ADCF65} = {D3B73E05-8310-4AAA-94D5-8043CE21B00D}
		{FBC1B0F0-76C6-404C-A373-A976C4CA194B} = {D3B73E05-8310-4AAA-94D5-8043CE21B00D}
		{20175812-3300-4CF0-9D9C-042FCBE033AE} = {D3B73E05-8310-4AAA-94D5-8043CE21B00D}
		{95F65D4E-E86A-4FBA-8988-74BB1B95BEA8} = {35414428-365D-43DA-B747-5C0D404BF146}
		{6B3EE249-DC59-4DC6-9941-E0938B888DE8} = {35414428-365D-43DA-B747-5C0D404BF146}
		{3DD89F4C-D283-4DB3-A9B6-A0350489F0F6} = {35414428-365D-43DA-B747-5C0D404BF146}
		{E2599F03-787E-4183-8F11-B4185EDB98B7} = {6CC6C93B-A850-4F93-BE0A-5585FB6E0F3E}
		{DAF0530F-FE99-4337-B4E7-248A00540343} = {6CC6C93B-A850-4F93-BE0A-5585FB6E0F3E}
		{A98587AC-F4D7-486A-8787-14A9DE8AF9E5} = {6CC6C93B-A850-4F93-BE0A-5585FB6E0F3E}
	EndGlobalSection
	GlobalSection(ExtensibilityGlobals) = postSolution
		SolutionGuid = {8BC93F18-129F-42FF-B02F-61994E7B617E}
	EndGlobalSection
EndGlobal
